// !$*UTF8*$!
{
	archiveVersion = 1;
	classes = {
	};
	objectVersion = 56;
	objects = {

/* Begin PBXBuildFile section */
		AE9957902AB9B05600CE52AE /* AppDelegate.swift in Sources */ = {isa = PBXBuildFile; fileRef = AE99578F2AB9B05600CE52AE /* AppDelegate.swift */; };
		AE9957922AB9B05600CE52AE /* SceneDelegate.swift in Sources */ = {isa = PBXBuildFile; fileRef = AE9957912AB9B05600CE52AE /* SceneDelegate.swift */; };
		AE9957992AB9B05700CE52AE /* Assets.xcassets in Resources */ = {isa = PBXBuildFile; fileRef = AE9957982AB9B05700CE52AE /* Assets.xcassets */; };
		AE99579C2AB9B05700CE52AE /* LaunchScreen.storyboard in Resources */ = {isa = PBXBuildFile; fileRef = AE99579A2AB9B05700CE52AE /* LaunchScreen.storyboard */; };
		AE9957A52AB9B2A900CE52AE /* NetworkLayer.swift in Sources */ = {isa = PBXBuildFile; fileRef = AE9957A42AB9B2A900CE52AE /* NetworkLayer.swift */; };
		AE9957A72AB9B2E900CE52AE /* NetworkClientDefaultImpl.swift in Sources */ = {isa = PBXBuildFile; fileRef = AE9957A62AB9B2E900CE52AE /* NetworkClientDefaultImpl.swift */; };
		AE9957B12AB9B34500CE52AE /* Scheme.swift in Sources */ = {isa = PBXBuildFile; fileRef = AE9957A92AB9B34500CE52AE /* Scheme.swift */; };
		AE9957B22AB9B34500CE52AE /* RequestMethod.swift in Sources */ = {isa = PBXBuildFile; fileRef = AE9957AA2AB9B34500CE52AE /* RequestMethod.swift */; };
		AE9957B32AB9B34500CE52AE /* Request.swift in Sources */ = {isa = PBXBuildFile; fileRef = AE9957AB2AB9B34500CE52AE /* Request.swift */; };
		AE9957B42AB9B34500CE52AE /* RequestError.swift in Sources */ = {isa = PBXBuildFile; fileRef = AE9957AC2AB9B34500CE52AE /* RequestError.swift */; };
		AE9957B52AB9B34500CE52AE /* PutEndpoint.swift in Sources */ = {isa = PBXBuildFile; fileRef = AE9957AE2AB9B34500CE52AE /* PutEndpoint.swift */; };
		AE9957B62AB9B34500CE52AE /* GetEndpoint.swift in Sources */ = {isa = PBXBuildFile; fileRef = AE9957AF2AB9B34500CE52AE /* GetEndpoint.swift */; };
		AE9957B72AB9B34500CE52AE /* Endpoint.swift in Sources */ = {isa = PBXBuildFile; fileRef = AE9957B02AB9B34500CE52AE /* Endpoint.swift */; };
		AE9957BA2AB9B5D700CE52AE /* FeedItemsViewController.swift in Sources */ = {isa = PBXBuildFile; fileRef = AE9957B92AB9B5D600CE52AE /* FeedItemsViewController.swift */; };
		AE9957BD2AB9B9A000CE52AE /* FeedService.swift in Sources */ = {isa = PBXBuildFile; fileRef = AE9957BC2AB9B9A000CE52AE /* FeedService.swift */; };
		AE9957BF2AB9B9B300CE52AE /* FeedItemsEndpoint.swift in Sources */ = {isa = PBXBuildFile; fileRef = AE9957BE2AB9B9B300CE52AE /* FeedItemsEndpoint.swift */; };
		AE9957C22AB9BD7700CE52AE /* FeedItem.swift in Sources */ = {isa = PBXBuildFile; fileRef = AE9957C12AB9BD7700CE52AE /* FeedItem.swift */; };
		AE9957C42AB9CB2E00CE52AE /* FeedPresenter.swift in Sources */ = {isa = PBXBuildFile; fileRef = AE9957C32AB9CB2E00CE52AE /* FeedPresenter.swift */; };
		AE9957C62AB9D74B00CE52AE /* MainCoordinator.swift in Sources */ = {isa = PBXBuildFile; fileRef = AE9957C52AB9D74B00CE52AE /* MainCoordinator.swift */; };
		AE9957C82AB9EB3F00CE52AE /* FeedItemCollectionViewCell.swift in Sources */ = {isa = PBXBuildFile; fileRef = AE9957C72AB9EB3F00CE52AE /* FeedItemCollectionViewCell.swift */; };
		AE9957CB2AB9ECA000CE52AE /* UIView+Extension.swift in Sources */ = {isa = PBXBuildFile; fileRef = AE9957CA2AB9ECA000CE52AE /* UIView+Extension.swift */; };
		AE9957CF2AB9FC2F00CE52AE /* SavingsGoalsService.swift in Sources */ = {isa = PBXBuildFile; fileRef = AE9957CE2AB9FC2F00CE52AE /* SavingsGoalsService.swift */; };
		AE9957D12AB9FC3E00CE52AE /* SavingsGoalsEndpoint.swift in Sources */ = {isa = PBXBuildFile; fileRef = AE9957D02AB9FC3E00CE52AE /* SavingsGoalsEndpoint.swift */; };
		AE9957D32AB9FE7D00CE52AE /* AddMoneyModels.swift in Sources */ = {isa = PBXBuildFile; fileRef = AE9957D22AB9FE7D00CE52AE /* AddMoneyModels.swift */; };
		AE9957D62ABAE40E00CE52AE /* CurrencyFormatter.swift in Sources */ = {isa = PBXBuildFile; fileRef = AE9957D52ABAE40E00CE52AE /* CurrencyFormatter.swift */; };
		AE9957D92ABAE7C700CE52AE /* FeedItemCellModel.swift in Sources */ = {isa = PBXBuildFile; fileRef = AE9957D82ABAE7C700CE52AE /* FeedItemCellModel.swift */; };
		AE9957DB2ABAF5B800CE52AE /* Constants.swift in Sources */ = {isa = PBXBuildFile; fileRef = AE9957DA2ABAF5B800CE52AE /* Constants.swift */; };
		AE9957DD2ABAF66E00CE52AE /* MockAccountData.swift in Sources */ = {isa = PBXBuildFile; fileRef = AE9957DC2ABAF66E00CE52AE /* MockAccountData.swift */; };
/* End PBXBuildFile section */

/* Begin PBXFileReference section */
		AE99578C2AB9B05600CE52AE /* StarlingTestApp.app */ = {isa = PBXFileReference; explicitFileType = wrapper.application; includeInIndex = 0; path = StarlingTestApp.app; sourceTree = BUILT_PRODUCTS_DIR; };
		AE99578F2AB9B05600CE52AE /* AppDelegate.swift */ = {isa = PBXFileReference; lastKnownFileType = sourcecode.swift; path = AppDelegate.swift; sourceTree = "<group>"; };
		AE9957912AB9B05600CE52AE /* SceneDelegate.swift */ = {isa = PBXFileReference; lastKnownFileType = sourcecode.swift; path = SceneDelegate.swift; sourceTree = "<group>"; };
		AE9957982AB9B05700CE52AE /* Assets.xcassets */ = {isa = PBXFileReference; lastKnownFileType = folder.assetcatalog; path = Assets.xcassets; sourceTree = "<group>"; };
		AE99579B2AB9B05700CE52AE /* Base */ = {isa = PBXFileReference; lastKnownFileType = file.storyboard; name = Base; path = Base.lproj/LaunchScreen.storyboard; sourceTree = "<group>"; };
		AE99579D2AB9B05700CE52AE /* Info.plist */ = {isa = PBXFileReference; lastKnownFileType = text.plist.xml; path = Info.plist; sourceTree = "<group>"; };
		AE9957A42AB9B2A900CE52AE /* NetworkLayer.swift */ = {isa = PBXFileReference; lastKnownFileType = sourcecode.swift; path = NetworkLayer.swift; sourceTree = "<group>"; };
		AE9957A62AB9B2E900CE52AE /* NetworkClientDefaultImpl.swift */ = {isa = PBXFileReference; lastKnownFileType = sourcecode.swift; path = NetworkClientDefaultImpl.swift; sourceTree = "<group>"; };
		AE9957A92AB9B34500CE52AE /* Scheme.swift */ = {isa = PBXFileReference; fileEncoding = 4; lastKnownFileType = sourcecode.swift; path = Scheme.swift; sourceTree = "<group>"; };
		AE9957AA2AB9B34500CE52AE /* RequestMethod.swift */ = {isa = PBXFileReference; fileEncoding = 4; lastKnownFileType = sourcecode.swift; path = RequestMethod.swift; sourceTree = "<group>"; };
		AE9957AB2AB9B34500CE52AE /* Request.swift */ = {isa = PBXFileReference; fileEncoding = 4; lastKnownFileType = sourcecode.swift; path = Request.swift; sourceTree = "<group>"; };
		AE9957AC2AB9B34500CE52AE /* RequestError.swift */ = {isa = PBXFileReference; fileEncoding = 4; lastKnownFileType = sourcecode.swift; path = RequestError.swift; sourceTree = "<group>"; };
		AE9957AE2AB9B34500CE52AE /* PutEndpoint.swift */ = {isa = PBXFileReference; fileEncoding = 4; lastKnownFileType = sourcecode.swift; path = PutEndpoint.swift; sourceTree = "<group>"; };
		AE9957AF2AB9B34500CE52AE /* GetEndpoint.swift */ = {isa = PBXFileReference; fileEncoding = 4; lastKnownFileType = sourcecode.swift; path = GetEndpoint.swift; sourceTree = "<group>"; };
		AE9957B02AB9B34500CE52AE /* Endpoint.swift */ = {isa = PBXFileReference; fileEncoding = 4; lastKnownFileType = sourcecode.swift; path = Endpoint.swift; sourceTree = "<group>"; };
		AE9957B92AB9B5D600CE52AE /* FeedItemsViewController.swift */ = {isa = PBXFileReference; lastKnownFileType = sourcecode.swift; path = FeedItemsViewController.swift; sourceTree = "<group>"; };
		AE9957BC2AB9B9A000CE52AE /* FeedService.swift */ = {isa = PBXFileReference; lastKnownFileType = sourcecode.swift; path = FeedService.swift; sourceTree = "<group>"; };
		AE9957BE2AB9B9B300CE52AE /* FeedItemsEndpoint.swift */ = {isa = PBXFileReference; lastKnownFileType = sourcecode.swift; path = FeedItemsEndpoint.swift; sourceTree = "<group>"; };
		AE9957C12AB9BD7700CE52AE /* FeedItem.swift */ = {isa = PBXFileReference; lastKnownFileType = sourcecode.swift; path = FeedItem.swift; sourceTree = "<group>"; };
		AE9957C32AB9CB2E00CE52AE /* FeedPresenter.swift */ = {isa = PBXFileReference; lastKnownFileType = sourcecode.swift; path = FeedPresenter.swift; sourceTree = "<group>"; };
		AE9957C52AB9D74B00CE52AE /* MainCoordinator.swift */ = {isa = PBXFileReference; lastKnownFileType = sourcecode.swift; path = MainCoordinator.swift; sourceTree = "<group>"; };
		AE9957C72AB9EB3F00CE52AE /* FeedItemCollectionViewCell.swift */ = {isa = PBXFileReference; lastKnownFileType = sourcecode.swift; path = FeedItemCollectionViewCell.swift; sourceTree = "<group>"; };
		AE9957CA2AB9ECA000CE52AE /* UIView+Extension.swift */ = {isa = PBXFileReference; lastKnownFileType = sourcecode.swift; path = "UIView+Extension.swift"; sourceTree = "<group>"; };
		AE9957CE2AB9FC2F00CE52AE /* SavingsGoalsService.swift */ = {isa = PBXFileReference; lastKnownFileType = sourcecode.swift; path = SavingsGoalsService.swift; sourceTree = "<group>"; };
		AE9957D02AB9FC3E00CE52AE /* SavingsGoalsEndpoint.swift */ = {isa = PBXFileReference; lastKnownFileType = sourcecode.swift; path = SavingsGoalsEndpoint.swift; sourceTree = "<group>"; };
		AE9957D22AB9FE7D00CE52AE /* AddMoneyModels.swift */ = {isa = PBXFileReference; lastKnownFileType = sourcecode.swift; path = AddMoneyModels.swift; sourceTree = "<group>"; };
		AE9957D52ABAE40E00CE52AE /* CurrencyFormatter.swift */ = {isa = PBXFileReference; lastKnownFileType = sourcecode.swift; path = CurrencyFormatter.swift; sourceTree = "<group>"; };
		AE9957D82ABAE7C700CE52AE /* FeedItemCellModel.swift */ = {isa = PBXFileReference; lastKnownFileType = sourcecode.swift; path = FeedItemCellModel.swift; sourceTree = "<group>"; };
		AE9957DA2ABAF5B800CE52AE /* Constants.swift */ = {isa = PBXFileReference; lastKnownFileType = sourcecode.swift; path = Constants.swift; sourceTree = "<group>"; };
		AE9957DC2ABAF66E00CE52AE /* MockAccountData.swift */ = {isa = PBXFileReference; lastKnownFileType = sourcecode.swift; path = MockAccountData.swift; sourceTree = "<group>"; };
/* End PBXFileReference section */

/* Begin PBXFrameworksBuildPhase section */
		AE9957892AB9B05600CE52AE /* Frameworks */ = {
			isa = PBXFrameworksBuildPhase;
			buildActionMask = 2147483647;
			files = (
			);
			runOnlyForDeploymentPostprocessing = 0;
		};
/* End PBXFrameworksBuildPhase section */

/* Begin PBXGroup section */
		AE9957832AB9B05600CE52AE = {
			isa = PBXGroup;
			children = (
				AE99578E2AB9B05600CE52AE /* StarlingTestApp */,
				AE99578D2AB9B05600CE52AE /* Products */,
			);
			sourceTree = "<group>";
		};
		AE99578D2AB9B05600CE52AE /* Products */ = {
			isa = PBXGroup;
			children = (
				AE99578C2AB9B05600CE52AE /* StarlingTestApp.app */,
			);
			name = Products;
			sourceTree = "<group>";
		};
		AE99578E2AB9B05600CE52AE /* StarlingTestApp */ = {
			isa = PBXGroup;
			children = (
				AE9957D42ABAE3FA00CE52AE /* Formatter */,
				AE9957C92AB9EC9100CE52AE /* Extensions */,
				AE9957B82AB9B5AC00CE52AE /* Feed */,
				AE9957A32AB9B1A800CE52AE /* NetworkLayer */,
				AE99578F2AB9B05600CE52AE /* AppDelegate.swift */,
				AE9957912AB9B05600CE52AE /* SceneDelegate.swift */,
				AE9957982AB9B05700CE52AE /* Assets.xcassets */,
				AE99579A2AB9B05700CE52AE /* LaunchScreen.storyboard */,
				AE99579D2AB9B05700CE52AE /* Info.plist */,
				AE9957C52AB9D74B00CE52AE /* MainCoordinator.swift */,
				AE9957DA2ABAF5B800CE52AE /* Constants.swift */,
			);
			path = StarlingTestApp;
			sourceTree = "<group>";
		};
		AE9957A32AB9B1A800CE52AE /* NetworkLayer */ = {
			isa = PBXGroup;
			children = (
				AE9957AD2AB9B34500CE52AE /* Endpoint */,
				AE9957A82AB9B34500CE52AE /* Request */,
				AE9957A42AB9B2A900CE52AE /* NetworkLayer.swift */,
				AE9957A62AB9B2E900CE52AE /* NetworkClientDefaultImpl.swift */,
			);
			path = NetworkLayer;
			sourceTree = "<group>";
		};
		AE9957A82AB9B34500CE52AE /* Request */ = {
			isa = PBXGroup;
			children = (
				AE9957A92AB9B34500CE52AE /* Scheme.swift */,
				AE9957AA2AB9B34500CE52AE /* RequestMethod.swift */,
				AE9957AB2AB9B34500CE52AE /* Request.swift */,
				AE9957AC2AB9B34500CE52AE /* RequestError.swift */,
			);
			path = Request;
			sourceTree = "<group>";
		};
		AE9957AD2AB9B34500CE52AE /* Endpoint */ = {
			isa = PBXGroup;
			children = (
				AE9957AE2AB9B34500CE52AE /* PutEndpoint.swift */,
				AE9957AF2AB9B34500CE52AE /* GetEndpoint.swift */,
				AE9957B02AB9B34500CE52AE /* Endpoint.swift */,
			);
			path = Endpoint;
			sourceTree = "<group>";
		};
		AE9957B82AB9B5AC00CE52AE /* Feed */ = {
			isa = PBXGroup;
			children = (
				AE9957D72ABAE7B200CE52AE /* Cell */,
				AE9957C02AB9BD6B00CE52AE /* Models */,
				AE9957BB2AB9B98500CE52AE /* Services */,
				AE9957B92AB9B5D600CE52AE /* FeedItemsViewController.swift */,
				AE9957C32AB9CB2E00CE52AE /* FeedPresenter.swift */,
			);
			path = Feed;
			sourceTree = "<group>";
		};
		AE9957BB2AB9B98500CE52AE /* Services */ = {
			isa = PBXGroup;
			children = (
				AE9957CD2AB9FC1C00CE52AE /* SavingsGoals */,
				AE9957CC2AB9FC1100CE52AE /* Feed */,
			);
			path = Services;
			sourceTree = "<group>";
		};
		AE9957C02AB9BD6B00CE52AE /* Models */ = {
			isa = PBXGroup;
			children = (
				AE9957C12AB9BD7700CE52AE /* FeedItem.swift */,
				AE9957DC2ABAF66E00CE52AE /* MockAccountData.swift */,
			);
			path = Models;
			sourceTree = "<group>";
		};
		AE9957C92AB9EC9100CE52AE /* Extensions */ = {
			isa = PBXGroup;
			children = (
				AE9957CA2AB9ECA000CE52AE /* UIView+Extension.swift */,
			);
			path = Extensions;
			sourceTree = "<group>";
		};
		AE9957CC2AB9FC1100CE52AE /* Feed */ = {
			isa = PBXGroup;
			children = (
				AE9957BC2AB9B9A000CE52AE /* FeedService.swift */,
				AE9957BE2AB9B9B300CE52AE /* FeedItemsEndpoint.swift */,
			);
			path = Feed;
			sourceTree = "<group>";
		};
		AE9957CD2AB9FC1C00CE52AE /* SavingsGoals */ = {
			isa = PBXGroup;
			children = (
				AE9957D22AB9FE7D00CE52AE /* AddMoneyModels.swift */,
				AE9957CE2AB9FC2F00CE52AE /* SavingsGoalsService.swift */,
				AE9957D02AB9FC3E00CE52AE /* SavingsGoalsEndpoint.swift */,
			);
			path = SavingsGoals;
			sourceTree = "<group>";
		};
		AE9957D42ABAE3FA00CE52AE /* Formatter */ = {
			isa = PBXGroup;
			children = (
				AE9957D52ABAE40E00CE52AE /* CurrencyFormatter.swift */,
			);
			path = Formatter;
			sourceTree = "<group>";
		};
		AE9957D72ABAE7B200CE52AE /* Cell */ = {
			isa = PBXGroup;
			children = (
				AE9957C72AB9EB3F00CE52AE /* FeedItemCollectionViewCell.swift */,
				AE9957D82ABAE7C700CE52AE /* FeedItemCellModel.swift */,
			);
			path = Cell;
			sourceTree = "<group>";
		};
/* End PBXGroup section */

/* Begin PBXNativeTarget section */
		AE99578B2AB9B05600CE52AE /* StarlingTestApp */ = {
			isa = PBXNativeTarget;
			buildConfigurationList = AE9957A02AB9B05700CE52AE /* Build configuration list for PBXNativeTarget "StarlingTestApp" */;
			buildPhases = (
				AE9957882AB9B05600CE52AE /* Sources */,
				AE9957892AB9B05600CE52AE /* Frameworks */,
				AE99578A2AB9B05600CE52AE /* Resources */,
			);
			buildRules = (
			);
			dependencies = (
			);
			name = StarlingTestApp;
			productName = StarlingTestApp;
			productReference = AE99578C2AB9B05600CE52AE /* StarlingTestApp.app */;
			productType = "com.apple.product-type.application";
		};
/* End PBXNativeTarget section */

/* Begin PBXProject section */
		AE9957842AB9B05600CE52AE /* Project object */ = {
			isa = PBXProject;
			attributes = {
				BuildIndependentTargetsInParallel = 1;
				LastSwiftUpdateCheck = 1430;
				LastUpgradeCheck = 1430;
				TargetAttributes = {
					AE99578B2AB9B05600CE52AE = {
						CreatedOnToolsVersion = 14.3;
					};
				};
			};
			buildConfigurationList = AE9957872AB9B05600CE52AE /* Build configuration list for PBXProject "StarlingTestApp" */;
			compatibilityVersion = "Xcode 14.0";
			developmentRegion = en;
			hasScannedForEncodings = 0;
			knownRegions = (
				en,
				Base,
			);
			mainGroup = AE9957832AB9B05600CE52AE;
			productRefGroup = AE99578D2AB9B05600CE52AE /* Products */;
			projectDirPath = "";
			projectRoot = "";
			targets = (
				AE99578B2AB9B05600CE52AE /* StarlingTestApp */,
			);
		};
/* End PBXProject section */

/* Begin PBXResourcesBuildPhase section */
		AE99578A2AB9B05600CE52AE /* Resources */ = {
			isa = PBXResourcesBuildPhase;
			buildActionMask = 2147483647;
			files = (
				AE99579C2AB9B05700CE52AE /* LaunchScreen.storyboard in Resources */,
				AE9957992AB9B05700CE52AE /* Assets.xcassets in Resources */,
			);
			runOnlyForDeploymentPostprocessing = 0;
		};
/* End PBXResourcesBuildPhase section */

/* Begin PBXSourcesBuildPhase section */
		AE9957882AB9B05600CE52AE /* Sources */ = {
			isa = PBXSourcesBuildPhase;
			buildActionMask = 2147483647;
			files = (
				AE9957DB2ABAF5B800CE52AE /* Constants.swift in Sources */,
				AE9957C62AB9D74B00CE52AE /* MainCoordinator.swift in Sources */,
				AE9957B12AB9B34500CE52AE /* Scheme.swift in Sources */,
				AE9957B32AB9B34500CE52AE /* Request.swift in Sources */,
				AE9957C22AB9BD7700CE52AE /* FeedItem.swift in Sources */,
				AE9957A52AB9B2A900CE52AE /* NetworkLayer.swift in Sources */,
				AE9957B62AB9B34500CE52AE /* GetEndpoint.swift in Sources */,
				AE9957BF2AB9B9B300CE52AE /* FeedItemsEndpoint.swift in Sources */,
				AE9957A72AB9B2E900CE52AE /* NetworkClientDefaultImpl.swift in Sources */,
				AE9957DD2ABAF66E00CE52AE /* MockAccountData.swift in Sources */,
				AE9957C82AB9EB3F00CE52AE /* FeedItemCollectionViewCell.swift in Sources */,
				AE9957D32AB9FE7D00CE52AE /* AddMoneyModels.swift in Sources */,
				AE9957B22AB9B34500CE52AE /* RequestMethod.swift in Sources */,
				AE9957902AB9B05600CE52AE /* AppDelegate.swift in Sources */,
				AE9957922AB9B05600CE52AE /* SceneDelegate.swift in Sources */,
				AE9957D62ABAE40E00CE52AE /* CurrencyFormatter.swift in Sources */,
				AE9957CB2AB9ECA000CE52AE /* UIView+Extension.swift in Sources */,
				AE9957D12AB9FC3E00CE52AE /* SavingsGoalsEndpoint.swift in Sources */,
				AE9957B52AB9B34500CE52AE /* PutEndpoint.swift in Sources */,
				AE9957CF2AB9FC2F00CE52AE /* SavingsGoalsService.swift in Sources */,
				AE9957C42AB9CB2E00CE52AE /* FeedPresenter.swift in Sources */,
				AE9957B72AB9B34500CE52AE /* Endpoint.swift in Sources */,
				AE9957BA2AB9B5D700CE52AE /* FeedItemsViewController.swift in Sources */,
				AE9957BD2AB9B9A000CE52AE /* FeedService.swift in Sources */,
				AE9957D92ABAE7C700CE52AE /* FeedItemCellModel.swift in Sources */,
				AE9957B42AB9B34500CE52AE /* RequestError.swift in Sources */,
			);
			runOnlyForDeploymentPostprocessing = 0;
		};
/* End PBXSourcesBuildPhase section */

/* Begin PBXVariantGroup section */
		AE99579A2AB9B05700CE52AE /* LaunchScreen.storyboard */ = {
			isa = PBXVariantGroup;
			children = (
				AE99579B2AB9B05700CE52AE /* Base */,
			);
			name = LaunchScreen.storyboard;
			sourceTree = "<group>";
		};
/* End PBXVariantGroup section */

/* Begin XCBuildConfiguration section */
		AE99579E2AB9B05700CE52AE /* Debug */ = {
			isa = XCBuildConfiguration;
			buildSettings = {
				ALWAYS_SEARCH_USER_PATHS = NO;
				CLANG_ANALYZER_NONNULL = YES;
				CLANG_ANALYZER_NUMBER_OBJECT_CONVERSION = YES_AGGRESSIVE;
				CLANG_CXX_LANGUAGE_STANDARD = "gnu++20";
				CLANG_ENABLE_MODULES = YES;
				CLANG_ENABLE_OBJC_ARC = YES;
				CLANG_ENABLE_OBJC_WEAK = YES;
				CLANG_WARN_BLOCK_CAPTURE_AUTORELEASING = YES;
				CLANG_WARN_BOOL_CONVERSION = YES;
				CLANG_WARN_COMMA = YES;
				CLANG_WARN_CONSTANT_CONVERSION = YES;
				CLANG_WARN_DEPRECATED_OBJC_IMPLEMENTATIONS = YES;
				CLANG_WARN_DIRECT_OBJC_ISA_USAGE = YES_ERROR;
				CLANG_WARN_DOCUMENTATION_COMMENTS = YES;
				CLANG_WARN_EMPTY_BODY = YES;
				CLANG_WARN_ENUM_CONVERSION = YES;
				CLANG_WARN_INFINITE_RECURSION = YES;
				CLANG_WARN_INT_CONVERSION = YES;
				CLANG_WARN_NON_LITERAL_NULL_CONVERSION = YES;
				CLANG_WARN_OBJC_IMPLICIT_RETAIN_SELF = YES;
				CLANG_WARN_OBJC_LITERAL_CONVERSION = YES;
				CLANG_WARN_OBJC_ROOT_CLASS = YES_ERROR;
				CLANG_WARN_QUOTED_INCLUDE_IN_FRAMEWORK_HEADER = YES;
				CLANG_WARN_RANGE_LOOP_ANALYSIS = YES;
				CLANG_WARN_STRICT_PROTOTYPES = YES;
				CLANG_WARN_SUSPICIOUS_MOVE = YES;
				CLANG_WARN_UNGUARDED_AVAILABILITY = YES_AGGRESSIVE;
				CLANG_WARN_UNREACHABLE_CODE = YES;
				CLANG_WARN__DUPLICATE_METHOD_MATCH = YES;
				COPY_PHASE_STRIP = NO;
				DEBUG_INFORMATION_FORMAT = dwarf;
				ENABLE_STRICT_OBJC_MSGSEND = YES;
				ENABLE_TESTABILITY = YES;
				GCC_C_LANGUAGE_STANDARD = gnu11;
				GCC_DYNAMIC_NO_PIC = NO;
				GCC_NO_COMMON_BLOCKS = YES;
				GCC_OPTIMIZATION_LEVEL = 0;
				GCC_PREPROCESSOR_DEFINITIONS = (
					"DEBUG=1",
					"$(inherited)",
				);
				GCC_WARN_64_TO_32_BIT_CONVERSION = YES;
				GCC_WARN_ABOUT_RETURN_TYPE = YES_ERROR;
				GCC_WARN_UNDECLARED_SELECTOR = YES;
				GCC_WARN_UNINITIALIZED_AUTOS = YES_AGGRESSIVE;
				GCC_WARN_UNUSED_FUNCTION = YES;
				GCC_WARN_UNUSED_VARIABLE = YES;
				IPHONEOS_DEPLOYMENT_TARGET = 16.4;
				MTL_ENABLE_DEBUG_INFO = INCLUDE_SOURCE;
				MTL_FAST_MATH = YES;
				ONLY_ACTIVE_ARCH = YES;
				SDKROOT = iphoneos;
				SWIFT_ACTIVE_COMPILATION_CONDITIONS = DEBUG;
				SWIFT_OPTIMIZATION_LEVEL = "-Onone";
			};
			name = Debug;
		};
		AE99579F2AB9B05700CE52AE /* Release */ = {
			isa = XCBuildConfiguration;
			buildSettings = {
				ALWAYS_SEARCH_USER_PATHS = NO;
				CLANG_ANALYZER_NONNULL = YES;
				CLANG_ANALYZER_NUMBER_OBJECT_CONVERSION = YES_AGGRESSIVE;
				CLANG_CXX_LANGUAGE_STANDARD = "gnu++20";
				CLANG_ENABLE_MODULES = YES;
				CLANG_ENABLE_OBJC_ARC = YES;
				CLANG_ENABLE_OBJC_WEAK = YES;
				CLANG_WARN_BLOCK_CAPTURE_AUTORELEASING = YES;
				CLANG_WARN_BOOL_CONVERSION = YES;
				CLANG_WARN_COMMA = YES;
				CLANG_WARN_CONSTANT_CONVERSION = YES;
				CLANG_WARN_DEPRECATED_OBJC_IMPLEMENTATIONS = YES;
				CLANG_WARN_DIRECT_OBJC_ISA_USAGE = YES_ERROR;
				CLANG_WARN_DOCUMENTATION_COMMENTS = YES;
				CLANG_WARN_EMPTY_BODY = YES;
				CLANG_WARN_ENUM_CONVERSION = YES;
				CLANG_WARN_INFINITE_RECURSION = YES;
				CLANG_WARN_INT_CONVERSION = YES;
				CLANG_WARN_NON_LITERAL_NULL_CONVERSION = YES;
				CLANG_WARN_OBJC_IMPLICIT_RETAIN_SELF = YES;
				CLANG_WARN_OBJC_LITERAL_CONVERSION = YES;
				CLANG_WARN_OBJC_ROOT_CLASS = YES_ERROR;
				CLANG_WARN_QUOTED_INCLUDE_IN_FRAMEWORK_HEADER = YES;
				CLANG_WARN_RANGE_LOOP_ANALYSIS = YES;
				CLANG_WARN_STRICT_PROTOTYPES = YES;
				CLANG_WARN_SUSPICIOUS_MOVE = YES;
				CLANG_WARN_UNGUARDED_AVAILABILITY = YES_AGGRESSIVE;
				CLANG_WARN_UNREACHABLE_CODE = YES;
				CLANG_WARN__DUPLICATE_METHOD_MATCH = YES;
				COPY_PHASE_STRIP = NO;
				DEBUG_INFORMATION_FORMAT = "dwarf-with-dsym";
				ENABLE_NS_ASSERTIONS = NO;
				ENABLE_STRICT_OBJC_MSGSEND = YES;
				GCC_C_LANGUAGE_STANDARD = gnu11;
				GCC_NO_COMMON_BLOCKS = YES;
				GCC_WARN_64_TO_32_BIT_CONVERSION = YES;
				GCC_WARN_ABOUT_RETURN_TYPE = YES_ERROR;
				GCC_WARN_UNDECLARED_SELECTOR = YES;
				GCC_WARN_UNINITIALIZED_AUTOS = YES_AGGRESSIVE;
				GCC_WARN_UNUSED_FUNCTION = YES;
				GCC_WARN_UNUSED_VARIABLE = YES;
				IPHONEOS_DEPLOYMENT_TARGET = 16.4;
				MTL_ENABLE_DEBUG_INFO = NO;
				MTL_FAST_MATH = YES;
				SDKROOT = iphoneos;
				SWIFT_COMPILATION_MODE = wholemodule;
				SWIFT_OPTIMIZATION_LEVEL = "-O";
				VALIDATE_PRODUCT = YES;
			};
			name = Release;
		};
		AE9957A12AB9B05700CE52AE /* Debug */ = {
			isa = XCBuildConfiguration;
			buildSettings = {
				ASSETCATALOG_COMPILER_APPICON_NAME = AppIcon;
				ASSETCATALOG_COMPILER_GLOBAL_ACCENT_COLOR_NAME = AccentColor;
				CODE_SIGN_STYLE = Automatic;
				CURRENT_PROJECT_VERSION = 1;
				DEVELOPMENT_TEAM = X2N73UHTAA;
				GENERATE_INFOPLIST_FILE = YES;
				INFOPLIST_FILE = StarlingTestApp/Info.plist;
				INFOPLIST_KEY_UIApplicationSupportsIndirectInputEvents = YES;
				INFOPLIST_KEY_UILaunchStoryboardName = LaunchScreen;
				INFOPLIST_KEY_UISupportedInterfaceOrientations_iPad = "UIInterfaceOrientationPortrait UIInterfaceOrientationPortraitUpsideDown UIInterfaceOrientationLandscapeLeft UIInterfaceOrientationLandscapeRight";
				INFOPLIST_KEY_UISupportedInterfaceOrientations_iPhone = "UIInterfaceOrientationPortrait UIInterfaceOrientationLandscapeLeft UIInterfaceOrientationLandscapeRight";
				LD_RUNPATH_SEARCH_PATHS = (
					"$(inherited)",
					"@executable_path/Frameworks",
				);
				MARKETING_VERSION = 1.0;
				PRODUCT_BUNDLE_IDENTIFIER = UnknownID.StarlingTestApp;
				PRODUCT_NAME = "$(TARGET_NAME)";
				SWIFT_EMIT_LOC_STRINGS = YES;
				SWIFT_VERSION = 5.0;
				TARGETED_DEVICE_FAMILY = "1,2";
			};
			name = Debug;
		};
		AE9957A22AB9B05700CE52AE /* Release */ = {
			isa = XCBuildConfiguration;
			buildSettings = {
				ASSETCATALOG_COMPILER_APPICON_NAME = AppIcon;
				ASSETCATALOG_COMPILER_GLOBAL_ACCENT_COLOR_NAME = AccentColor;
				CODE_SIGN_STYLE = Automatic;
				CURRENT_PROJECT_VERSION = 1;
				DEVELOPMENT_TEAM = X2N73UHTAA;
				GENERATE_INFOPLIST_FILE = YES;
				INFOPLIST_FILE = StarlingTestApp/Info.plist;
				INFOPLIST_KEY_UIApplicationSupportsIndirectInputEvents = YES;
				INFOPLIST_KEY_UILaunchStoryboardName = LaunchScreen;
				INFOPLIST_KEY_UISupportedInterfaceOrientations_iPad = "UIInterfaceOrientationPortrait UIInterfaceOrientationPortraitUpsideDown UIInterfaceOrientationLandscapeLeft UIInterfaceOrientationLandscapeRight";
				INFOPLIST_KEY_UISupportedInterfaceOrientations_iPhone = "UIInterfaceOrientationPortrait UIInterfaceOrientationLandscapeLeft UIInterfaceOrientationLandscapeRight";
				LD_RUNPATH_SEARCH_PATHS = (
					"$(inherited)",
					"@executable_path/Frameworks",
				);
				MARKETING_VERSION = 1.0;
				PRODUCT_BUNDLE_IDENTIFIER = UnknownID.StarlingTestApp;
				PRODUCT_NAME = "$(TARGET_NAME)";
				SWIFT_EMIT_LOC_STRINGS = YES;
				SWIFT_VERSION = 5.0;
				TARGETED_DEVICE_FAMILY = "1,2";
			};
			name = Release;
		};
/* End XCBuildConfiguration section */

/* Begin XCConfigurationList section */
		AE9957872AB9B05600CE52AE /* Build configuration list for PBXProject "StarlingTestApp" */ = {
			isa = XCConfigurationList;
			buildConfigurations = (
				AE99579E2AB9B05700CE52AE /* Debug */,
				AE99579F2AB9B05700CE52AE /* Release */,
			);
			defaultConfigurationIsVisible = 0;
			defaultConfigurationName = Release;
		};
		AE9957A02AB9B05700CE52AE /* Build configuration list for PBXNativeTarget "StarlingTestApp" */ = {
			isa = XCConfigurationList;
			buildConfigurations = (
				AE9957A12AB9B05700CE52AE /* Debug */,
				AE9957A22AB9B05700CE52AE /* Release */,
			);
			defaultConfigurationIsVisible = 0;
			defaultConfigurationName = Release;
		};
/* End XCConfigurationList section */
	};
	rootObject = AE9957842AB9B05600CE52AE /* Project object */;
}
